<?xml version="1.0" encoding="utf-8"?>
<Project ToolsVersion="4.0" xmlns="http://schemas.microsoft.com/developer/msbuild/2003">
  <ItemGroup>
    <Filter Include="Skip_list">
      <UniqueIdentifier>{93995380-89BD-4b04-88EB-625FBE52EBFB}</UniqueIdentifier>
      <Extensions>h;hh;hpp;hxx;h++;hm;inl;inc;ipp;xsd</Extensions>
    </Filter>
  </ItemGroup>
  <ItemGroup>
    <ClInclude Include="Skip_list.h">
      <Filter>Skip_list</Filter>
    </ClInclude>
    <ClInclude Include="random_number.h">
      <Filter>Skip_list</Filter>
    </ClInclude>
    <ClInclude Include="skip_list_exception.h">
      <Filter>Skip_list</Filter>
    </ClInclude>
  </ItemGroup>
</Project>