<?xml version="1.0" encoding="utf-8"?>
<Project ToolsVersion="4.0" xmlns="http://schemas.microsoft.com/developer/msbuild/2003">
  <ItemGroup>
    <ClCompile Include="pch.cpp" />
    <ClCompile Include="test._skip_list.cpp">
      <Filter>Test_Skip_list</Filter>
    </ClCompile>
    <ClCompile Include="test_level.cpp">
      <Filter>Test_Skip_list</Filter>
    </ClCompile>
    <ClCompile Include="test_node.cpp">
      <Filter>Test_Skip_list</Filter>
    </ClCompile>
  </ItemGroup>
  <ItemGroup>
    <ClInclude Include="pch.h" />
    <ClInclude Include="user_class.h">
      <Filter>Test_Skip_list</Filter>
    </ClInclude>
  </ItemGroup>
  <ItemGroup>
    <None Include="packages.config" />
  </ItemGroup>
  <ItemGroup>
    <Filter Include="Test_Skip_list">
      <UniqueIdentifier>{69648e8f-9f37-4923-8686-471f0d3877df}</UniqueIdentifier>
    </Filter>
  </ItemGroup>
</Project>